// !$*UTF8*$!
{
	archiveVersion = 1;
	classes = {
	};
	objectVersion = 46;
	objects = {

/* Begin PBXBuildFile section */
		A2941DBC1CA57B7F0099D36C /* main.m in Sources */ = {isa = PBXBuildFile; fileRef = A2941DBB1CA57B7F0099D36C /* main.m */; };
		A2941DBF1CA57B7F0099D36C /* AppDelegate.m in Sources */ = {isa = PBXBuildFile; fileRef = A2941DBE1CA57B7F0099D36C /* AppDelegate.m */; };
		A2941DC21CA57B7F0099D36C /* ViewController.m in Sources */ = {isa = PBXBuildFile; fileRef = A2941DC11CA57B7F0099D36C /* ViewController.m */; };
		A2941DC51CA57B7F0099D36C /* Main.storyboard in Resources */ = {isa = PBXBuildFile; fileRef = A2941DC31CA57B7F0099D36C /* Main.storyboard */; };
		A2941DC71CA57B7F0099D36C /* Assets.xcassets in Resources */ = {isa = PBXBuildFile; fileRef = A2941DC61CA57B7F0099D36C /* Assets.xcassets */; };
		A2941DCA1CA57B7F0099D36C /* LaunchScreen.storyboard in Resources */ = {isa = PBXBuildFile; fileRef = A2941DC81CA57B7F0099D36C /* LaunchScreen.storyboard */; };
		A2941DD31CA57BC60099D36C /* PhotoFlowLayout.m in Sources */ = {isa = PBXBuildFile; fileRef = A2941DD21CA57BC60099D36C /* PhotoFlowLayout.m */; };
		A2941DD61CA585FE0099D36C /* PhotoCell.m in Sources */ = {isa = PBXBuildFile; fileRef = A2941DD51CA585FE0099D36C /* PhotoCell.m */; };
/* End PBXBuildFile section */

/* Begin PBXFileReference section */
		A2941DB71CA57B7F0099D36C /* Photograph.app */ = {isa = PBXFileReference; explicitFileType = wrapper.application; includeInIndex = 0; path = Photograph.app; sourceTree = BUILT_PRODUCTS_DIR; };
		A2941DBB1CA57B7F0099D36C /* main.m */ = {isa = PBXFileReference; lastKnownFileType = sourcecode.c.objc; path = main.m; sourceTree = "<group>"; };
		A2941DBD1CA57B7F0099D36C /* AppDelegate.h */ = {isa = PBXFileReference; lastKnownFileType = sourcecode.c.h; path = AppDelegate.h; sourceTree = "<group>"; };
		A2941DBE1CA57B7F0099D36C /* AppDelegate.m */ = {isa = PBXFileReference; lastKnownFileType = sourcecode.c.objc; path = AppDelegate.m; sourceTree = "<group>"; };
		A2941DC01CA57B7F0099D36C /* ViewController.h */ = {isa = PBXFileReference; lastKnownFileType = sourcecode.c.h; path = ViewController.h; sourceTree = "<group>"; };
		A2941DC11CA57B7F0099D36C /* ViewController.m */ = {isa = PBXFileReference; lastKnownFileType = sourcecode.c.objc; path = ViewController.m; sourceTree = "<group>"; };
		A2941DC41CA57B7F0099D36C /* Base */ = {isa = PBXFileReference; lastKnownFileType = file.storyboard; name = Base; path = Base.lproj/Main.storyboard; sourceTree = "<group>"; };
		A2941DC61CA57B7F0099D36C /* Assets.xcassets */ = {isa = PBXFileReference; lastKnownFileType = folder.assetcatalog; path = Assets.xcassets; sourceTree = "<group>"; };
		A2941DC91CA57B7F0099D36C /* Base */ = {isa = PBXFileReference; lastKnownFileType = file.storyboard; name = Base; path = Base.lproj/LaunchScreen.storyboard; sourceTree = "<group>"; };
		A2941DCB1CA57B7F0099D36C /* Info.plist */ = {isa = PBXFileReference; lastKnownFileType = text.plist.xml; path = Info.plist; sourceTree = "<group>"; };
		A2941DD11CA57BC60099D36C /* PhotoFlowLayout.h */ = {isa = PBXFileReference; fileEncoding = 4; lastKnownFileType = sourcecode.c.h; path = PhotoFlowLayout.h; sourceTree = "<group>"; };
		A2941DD21CA57BC60099D36C /* PhotoFlowLayout.m */ = {isa = PBXFileReference; fileEncoding = 4; lastKnownFileType = sourcecode.c.objc; path = PhotoFlowLayout.m; sourceTree = "<group>"; };
		A2941DD41CA585FE0099D36C /* PhotoCell.h */ = {isa = PBXFileReference; fileEncoding = 4; lastKnownFileType = sourcecode.c.h; path = PhotoCell.h; sourceTree = "<group>"; };
		A2941DD51CA585FE0099D36C /* PhotoCell.m */ = {isa = PBXFileReference; fileEncoding = 4; lastKnownFileType = sourcecode.c.objc; path = PhotoCell.m; sourceTree = "<group>"; };
/* End PBXFileReference section */

/* Begin PBXFrameworksBuildPhase section */
		A2941DB41CA57B7F0099D36C /* Frameworks */ = {
			isa = PBXFrameworksBuildPhase;
			buildActionMask = 2147483647;
			files = (
			);
			runOnlyForDeploymentPostprocessing = 0;
		};
/* End PBXFrameworksBuildPhase section */

/* Begin PBXGroup section */
		A2941DAE1CA57B7F0099D36C = {
			isa = PBXGroup;
			children = (
				A2941DB91CA57B7F0099D36C /* Photograph */,
				A2941DB81CA57B7F0099D36C /* Products */,
			);
			sourceTree = "<group>";
		};
		A2941DB81CA57B7F0099D36C /* Products */ = {
			isa = PBXGroup;
			children = (
				A2941DB71CA57B7F0099D36C /* Photograph.app */,
			);
			name = Products;
			sourceTree = "<group>";
		};
		A2941DB91CA57B7F0099D36C /* Photograph */ = {
			isa = PBXGroup;
			children = (
				A2941DBD1CA57B7F0099D36C /* AppDelegate.h */,
				A2941DBE1CA57B7F0099D36C /* AppDelegate.m */,
				A2941DC01CA57B7F0099D36C /* ViewController.h */,
				A2941DC11CA57B7F0099D36C /* ViewController.m */,
				A2941DD11CA57BC60099D36C /* PhotoFlowLayout.h */,
				A2941DD21CA57BC60099D36C /* PhotoFlowLayout.m */,
				A2941DD41CA585FE0099D36C /* PhotoCell.h */,
				A2941DD51CA585FE0099D36C /* PhotoCell.m */,
				A2941DC31CA57B7F0099D36C /* Main.storyboard */,
				A2941DC61CA57B7F0099D36C /* Assets.xcassets */,
				A2941DC81CA57B7F0099D36C /* LaunchScreen.storyboard */,
				A2941DCB1CA57B7F0099D36C /* Info.plist */,
				A2941DBA1CA57B7F0099D36C /* Supporting Files */,
			);
			path = Photograph;
			sourceTree = "<group>";
		};
		A2941DBA1CA57B7F0099D36C /* Supporting Files */ = {
			isa = PBXGroup;
			children = (
				A2941DBB1CA57B7F0099D36C /* main.m */,
			);
			name = "Supporting Files";
			sourceTree = "<group>";
		};
/* End PBXGroup section */

/* Begin PBXNativeTarget section */
		A2941DB61CA57B7F0099D36C /* Photograph */ = {
			isa = PBXNativeTarget;
			buildConfigurationList = A2941DCE1CA57B7F0099D36C /* Build configuration list for PBXNativeTarget "Photograph" */;
			buildPhases = (
				A2941DB31CA57B7F0099D36C /* Sources */,
				A2941DB41CA57B7F0099D36C /* Frameworks */,
				A2941DB51CA57B7F0099D36C /* Resources */,
			);
			buildRules = (
			);
			dependencies = (
			);
			name = Photograph;
			productName = Photograph;
			productReference = A2941DB71CA57B7F0099D36C /* Photograph.app */;
			productType = "com.apple.product-type.application";
		};
/* End PBXNativeTarget section */

/* Begin PBXProject section */
		A2941DAF1CA57B7F0099D36C /* Project object */ = {
			isa = PBXProject;
			attributes = {
				LastUpgradeCheck = 0730;
				ORGANIZATIONNAME = suger;
				TargetAttributes = {
					A2941DB61CA57B7F0099D36C = {
						CreatedOnToolsVersion = 7.3;
						DevelopmentTeam = 4CAJ7C5XX7;
					};
				};
			};
			buildConfigurationList = A2941DB21CA57B7F0099D36C /* Build configuration list for PBXProject "Photograph" */;
			compatibilityVersion = "Xcode 3.2";
			developmentRegion = English;
			hasScannedForEncodings = 0;
			knownRegions = (
				en,
				Base,
			);
			mainGroup = A2941DAE1CA57B7F0099D36C;
			productRefGroup = A2941DB81CA57B7F0099D36C /* Products */;
			projectDirPath = "";
			projectRoot = "";
			targets = (
				A2941DB61CA57B7F0099D36C /* Photograph */,
			);
		};
/* End PBXProject section */

/* Begin PBXResourcesBuildPhase section */
		A2941DB51CA57B7F0099D36C /* Resources */ = {
			isa = PBXResourcesBuildPhase;
			buildActionMask = 2147483647;
			files = (
				A2941DCA1CA57B7F0099D36C /* LaunchScreen.storyboard in Resources */,
				A2941DC71CA57B7F0099D36C /* Assets.xcassets in Resources */,
				A2941DC51CA57B7F0099D36C /* Main.storyboard in Resources */,
			);
			runOnlyForDeploymentPostprocessing = 0;
		};
/* End PBXResourcesBuildPhase section */

/* Begin PBXSourcesBuildPhase section */
		A2941DB31CA57B7F0099D36C /* Sources */ = {
			isa = PBXSourcesBuildPhase;
			buildActionMask = 2147483647;
			files = (
				A2941DD31CA57BC60099D36C /* PhotoFlowLayout.m in Sources */,
				A2941DD61CA585FE0099D36C /* PhotoCell.m in Sources */,
				A2941DC21CA57B7F0099D36C /* ViewController.m in Sources */,
				A2941DBF1CA57B7F0099D36C /* AppDelegate.m in Sources */,
				A2941DBC1CA57B7F0099D36C /* main.m in Sources */,
			);
			runOnlyForDeploymentPostprocessing = 0;
		};
/* End PBXSourcesBuildPhase section */

/* Begin PBXVariantGroup section */
		A2941DC31CA57B7F0099D36C /* Main.storyboard */ = {
			isa = PBXVariantGroup;
			children = (
				A2941DC41CA57B7F0099D36C /* Base */,
			);
			name = Main.storyboard;
			sourceTree = "<group>";
		};
		A2941DC81CA57B7F0099D36C /* LaunchScreen.storyboard */ = {
			isa = PBXVariantGroup;
			children = (
				A2941DC91CA57B7F0099D36C /* Base */,
			);
			name = LaunchScreen.storyboard;
			sourceTree = "<group>";
		};
/* End PBXVariantGroup section */

/* Begin XCBuildConfiguration section */
		A2941DCC1CA57B7F0099D36C /* Debug */ = {
			isa = XCBuildConfiguration;
			buildSettings = {
				ALWAYS_SEARCH_USER_PATHS = NO;
				CLANG_ANALYZER_NONNULL = YES;
				CLANG_CXX_LANGUAGE_STANDARD = "gnu++0x";
				CLANG_CXX_LIBRARY = "libc++";
				CLANG_ENABLE_MODULES = YES;
				CLANG_ENABLE_OBJC_ARC = YES;
				CLANG_WARN_BOOL_CONVERSION = YES;
				CLANG_WARN_CONSTANT_CONVERSION = YES;
				CLANG_WARN_DIRECT_OBJC_ISA_USAGE = YES_ERROR;
				CLANG_WARN_EMPTY_BODY = YES;
				CLANG_WARN_ENUM_CONVERSION = YES;
				CLANG_WARN_INT_CONVERSION = YES;
				CLANG_WARN_OBJC_ROOT_CLASS = YES_ERROR;
				CLANG_WARN_UNREACHABLE_CODE = YES;
				CLANG_WARN__DUPLICATE_METHOD_MATCH = YES;
				"CODE_SIGN_IDENTITY[sdk=iphoneos*]" = "iPhone Developer";
				COPY_PHASE_STRIP = NO;
				DEBUG_INFORMATION_FORMAT = dwarf;
				ENABLE_STRICT_OBJC_MSGSEND = YES;
				ENABLE_TESTABILITY = YES;
				GCC_C_LANGUAGE_STANDARD = gnu99;
				GCC_DYNAMIC_NO_PIC = NO;
				GCC_NO_COMMON_BLOCKS = YES;
				GCC_OPTIMIZATION_LEVEL = 0;
				GCC_PREPROCESSOR_DEFINITIONS = (
					"DEBUG=1",
					"$(inherited)",
				);
				GCC_WARN_64_TO_32_BIT_CONVERSION = YES;
				GCC_WARN_ABOUT_RETURN_TYPE = YES_ERROR;
				GCC_WARN_UNDECLARED_SELECTOR = YES;
				GCC_WARN_UNINITIALIZED_AUTOS = YES_AGGRESSIVE;
				GCC_WARN_UNUSED_FUNCTION = YES;
				GCC_WARN_UNUSED_VARIABLE = YES;
				IPHONEOS_DEPLOYMENT_TARGET = 9.3;
				MTL_ENABLE_DEBUG_INFO = YES;
				ONLY_ACTIVE_ARCH = YES;
				SDKROOT = iphoneos;
				TARGETED_DEVICE_FAMILY = "1,2";
			};
			name = Debug;
		};
		A2941DCD1CA57B7F0099D36C /* Release */ = {
			isa = XCBuildConfiguration;
			buildSettings = {
				ALWAYS_SEARCH_USER_PATHS = NO;
				CLANG_ANALYZER_NONNULL = YES;
				CLANG_CXX_LANGUAGE_STANDARD = "gnu++0x";
				CLANG_CXX_LIBRARY = "libc++";
				CLANG_ENABLE_MODULES = YES;
				CLANG_ENABLE_OBJC_ARC = YES;
				CLANG_WARN_BOOL_CONVERSION = YES;
				CLANG_WARN_CONSTANT_CONVERSION = YES;
				CLANG_WARN_DIRECT_OBJC_ISA_USAGE = YES_ERROR;
				CLANG_WARN_EMPTY_BODY = YES;
				CLANG_WARN_ENUM_CONVERSION = YES;
				CLANG_WARN_INT_CONVERSION = YES;
				CLANG_WARN_OBJC_ROOT_CLASS = YES_ERROR;
				CLANG_WARN_UNREACHABLE_CODE = YES;
				CLANG_WARN__DUPLICATE_METHOD_MATCH = YES;
				"CODE_SIGN_IDENTITY[sdk=iphoneos*]" = "iPhone Developer";
				COPY_PHASE_STRIP = NO;
				DEBUG_INFORMATION_FORMAT = "dwarf-with-dsym";
				ENABLE_NS_ASSERTIONS = NO;
				ENABLE_STRICT_OBJC_MSGSEND = YES;
				GCC_C_LANGUAGE_STANDARD = gnu99;
				GCC_NO_COMMON_BLOCKS = YES;
				GCC_WARN_64_TO_32_BIT_CONVERSION = YES;
				GCC_WARN_ABOUT_RETURN_TYPE = YES_ERROR;
				GCC_WARN_UNDECLARED_SELECTOR = YES;
				GCC_WARN_UNINITIALIZED_AUTOS = YES_AGGRESSIVE;
				GCC_WARN_UNUSED_FUNCTION = YES;
				GCC_WARN_UNUSED_VARIABLE = YES;
				IPHONEOS_DEPLOYMENT_TARGET = 9.3;
				MTL_ENABLE_DEBUG_INFO = NO;
				SDKROOT = iphoneos;
				TARGETED_DEVICE_FAMILY = "1,2";
				VALIDATE_PRODUCT = YES;
			};
			name = Release;
		};
		A2941DCF1CA57B7F0099D36C /* Debug */ = {
			isa = XCBuildConfiguration;
			buildSettings = {
				ASSETCATALOG_COMPILER_APPICON_NAME = AppIcon;
				INFOPLIST_FILE = Photograph/Info.plist;
				LD_RUNPATH_SEARCH_PATHS = "$(inherited) @executable_path/Frameworks";
				PRODUCT_BUNDLE_IDENTIFIER = com.suger.Photograph;
				PRODUCT_NAME = "$(TARGET_NAME)";
			};
			name = Debug;
		};
		A2941DD01CA57B7F0099D36C /* Release */ = {
			isa = XCBuildConfiguration;
			buildSettings = {
				ASSETCATALOG_COMPILER_APPICON_NAME = AppIcon;
				INFOPLIST_FILE = Photograph/Info.plist;
				LD_RUNPATH_SEARCH_PATHS = "$(inherited) @executable_path/Frameworks";
				PRODUCT_BUNDLE_IDENTIFIER = com.suger.Photograph;
				PRODUCT_NAME = "$(TARGET_NAME)";
			};
			name = Release;
		};
/* End XCBuildConfiguration section */

/* Begin XCConfigurationList section */
		A2941DB21CA57B7F0099D36C /* Build configuration list for PBXProject "Photograph" */ = {
			isa = XCConfigurationList;
			buildConfigurations = (
				A2941DCC1CA57B7F0099D36C /* Debug */,
				A2941DCD1CA57B7F0099D36C /* Release */,
			);
			defaultConfigurationIsVisible = 0;
			defaultConfigurationName = Release;
		};
		A2941DCE1CA57B7F0099D36C /* Build configuration list for PBXNativeTarget "Photograph" */ = {
			isa = XCConfigurationList;
			buildConfigurations = (
				A2941DCF1CA57B7F0099D36C /* Debug */,
				A2941DD01CA57B7F0099D36C /* Release */,
			);
			defaultConfigurationIsVisible = 0;
		};
/* End XCConfigurationList section */
	};
	rootObject = A2941DAF1CA57B7F0099D36C /* Project object */;
}
